
Microsoft Visual Studio Solution File, Format Version 11.00
# Visual Studio 2010
Project("{FAE04EC0-301F-11D3-BF4B-00C04F79EFBC}") = "Assembly-CSharp", "Assembly-CSharp.csproj", "{3634CC4A-0B1D-875B-3925-8B4210146340}"
EndProject
Project("{FAE04EC0-301F-11D3-BF4B-00C04F79EFBC}") = "Assembly-CSharp-Editor", "Assembly-CSharp-Editor.csproj", "{94F1A007-7305-735E-2A2D-69487F82EFE8}"
EndProject
Global
	GlobalSection(SolutionConfigurationPlatforms) = preSolution
		Debug|Any CPU = Debug|Any CPU
		Release|Any CPU = Release|Any CPU
	EndGlobalSection
	GlobalSection(ProjectConfigurationPlatforms) = postSolution
		{3634CC4A-0B1D-875B-3925-8B4210146340}.Debug|Any CPU.ActiveCfg = Debug|Any CPU
		{3634CC4A-0B1D-875B-3925-8B4210146340}.Debug|Any CPU.Build.0 = Debug|Any CPU
		{3634CC4A-0B1D-875B-3925-8B4210146340}.Release|Any CPU.ActiveCfg = Release|Any CPU
		{3634CC4A-0B1D-875B-3925-8B4210146340}.Release|Any CPU.Build.0 = Release|Any CPU
		{94F1A007-7305-735E-2A2D-69487F82EFE8}.Debug|Any CPU.ActiveCfg = Debug|Any CPU
		{94F1A007-7305-735E-2A2D-69487F82EFE8}.Debug|Any CPU.Build.0 = Debug|Any CPU
		{94F1A007-7305-735E-2A2D-69487F82EFE8}.Release|Any CPU.ActiveCfg = Release|Any CPU
		{94F1A007-7305-735E-2A2D-69487F82EFE8}.Release|Any CPU.Build.0 = Release|Any CPU
	EndGlobalSection
	GlobalSection(SolutionProperties) = preSolution
		HideSolutionNode = FALSE
	EndGlobalSection
	GlobalSection(MonoDevelopProperties) = preSolution
		StartupItem = Assembly-CSharp.csproj
	EndGlobalSection
EndGlobal
